// !$*UTF8*$!
{
	archiveVersion = 1;
	classes = {
	};
	objectVersion = 46;
	objects = {

/* Begin PBXBuildFile section */
		012159691DB5A852006B0281 /* image.png in Resources */ = {isa = PBXBuildFile; fileRef = 012159681DB5A852006B0281 /* image.png */; };
		0121596B1DB5ABBA006B0281 /* lunchimage.png in Resources */ = {isa = PBXBuildFile; fileRef = 0121596A1DB5ABBA006B0281 /* lunchimage.png */; };
		F8C3EAE01DA5CA060036ED40 /* AppDelegate.swift in Sources */ = {isa = PBXBuildFile; fileRef = F8C3EADF1DA5CA060036ED40 /* AppDelegate.swift */; };
		F8C3EAE21DA5CA060036ED40 /* MasterViewController.swift in Sources */ = {isa = PBXBuildFile; fileRef = F8C3EAE11DA5CA060036ED40 /* MasterViewController.swift */; };
		F8C3EAE41DA5CA060036ED40 /* DetailViewController.swift in Sources */ = {isa = PBXBuildFile; fileRef = F8C3EAE31DA5CA060036ED40 /* DetailViewController.swift */; };
		F8C3EAE71DA5CA060036ED40 /* Main.storyboard in Resources */ = {isa = PBXBuildFile; fileRef = F8C3EAE51DA5CA060036ED40 /* Main.storyboard */; };
		F8C3EAE91DA5CA060036ED40 /* Assets.xcassets in Resources */ = {isa = PBXBuildFile; fileRef = F8C3EAE81DA5CA060036ED40 /* Assets.xcassets */; };
		F8C3EAEC1DA5CA060036ED40 /* LaunchScreen.storyboard in Resources */ = {isa = PBXBuildFile; fileRef = F8C3EAEA1DA5CA060036ED40 /* LaunchScreen.storyboard */; };
		F8C3EAF71DA5CA060036ED40 /* MoviesTests.swift in Sources */ = {isa = PBXBuildFile; fileRef = F8C3EAF61DA5CA060036ED40 /* MoviesTests.swift */; };
		F8C3EB021DA5CA060036ED40 /* MoviesUITests.swift in Sources */ = {isa = PBXBuildFile; fileRef = F8C3EB011DA5CA060036ED40 /* MoviesUITests.swift */; };
		F8C3EB101DA5CB540036ED40 /* Movie.swift in Sources */ = {isa = PBXBuildFile; fileRef = F8C3EB0F1DA5CB540036ED40 /* Movie.swift */; };
/* End PBXBuildFile section */

/* Begin PBXContainerItemProxy section */
		F8C3EAF31DA5CA060036ED40 /* PBXContainerItemProxy */ = {
			isa = PBXContainerItemProxy;
			containerPortal = F8C3EAD41DA5CA050036ED40 /* Project object */;
			proxyType = 1;
			remoteGlobalIDString = F8C3EADB1DA5CA060036ED40;
			remoteInfo = Movies;
		};
		F8C3EAFE1DA5CA060036ED40 /* PBXContainerItemProxy */ = {
			isa = PBXContainerItemProxy;
			containerPortal = F8C3EAD41DA5CA050036ED40 /* Project object */;
			proxyType = 1;
			remoteGlobalIDString = F8C3EADB1DA5CA060036ED40;
			remoteInfo = Movies;
		};
/* End PBXContainerItemProxy section */

/* Begin PBXFileReference section */
		012159681DB5A852006B0281 /* image.png */ = {isa = PBXFileReference; lastKnownFileType = image.png; path = image.png; sourceTree = "<group>"; };
		0121596A1DB5ABBA006B0281 /* lunchimage.png */ = {isa = PBXFileReference; lastKnownFileType = image.png; path = lunchimage.png; sourceTree = "<group>"; };
		F8C3EADC1DA5CA060036ED40 /* Movies.app */ = {isa = PBXFileReference; explicitFileType = wrapper.application; includeInIndex = 0; path = Movies.app; sourceTree = BUILT_PRODUCTS_DIR; };
		F8C3EADF1DA5CA060036ED40 /* AppDelegate.swift */ = {isa = PBXFileReference; lastKnownFileType = sourcecode.swift; path = AppDelegate.swift; sourceTree = "<group>"; };
		F8C3EAE11DA5CA060036ED40 /* MasterViewController.swift */ = {isa = PBXFileReference; lastKnownFileType = sourcecode.swift; path = MasterViewController.swift; sourceTree = "<group>"; };
		F8C3EAE31DA5CA060036ED40 /* DetailViewController.swift */ = {isa = PBXFileReference; lastKnownFileType = sourcecode.swift; path = DetailViewController.swift; sourceTree = "<group>"; };
		F8C3EAE61DA5CA060036ED40 /* Base */ = {isa = PBXFileReference; lastKnownFileType = file.storyboard; name = Base; path = Base.lproj/Main.storyboard; sourceTree = "<group>"; };
		F8C3EAE81DA5CA060036ED40 /* Assets.xcassets */ = {isa = PBXFileReference; lastKnownFileType = folder.assetcatalog; path = Assets.xcassets; sourceTree = "<group>"; };
		F8C3EAEB1DA5CA060036ED40 /* Base */ = {isa = PBXFileReference; lastKnownFileType = file.storyboard; name = Base; path = Base.lproj/LaunchScreen.storyboard; sourceTree = "<group>"; };
		F8C3EAED1DA5CA060036ED40 /* Info.plist */ = {isa = PBXFileReference; lastKnownFileType = text.plist.xml; path = Info.plist; sourceTree = "<group>"; };
		F8C3EAF21DA5CA060036ED40 /* MoviesTests.xctest */ = {isa = PBXFileReference; explicitFileType = wrapper.cfbundle; includeInIndex = 0; path = MoviesTests.xctest; sourceTree = BUILT_PRODUCTS_DIR; };
		F8C3EAF61DA5CA060036ED40 /* MoviesTests.swift */ = {isa = PBXFileReference; lastKnownFileType = sourcecode.swift; path = MoviesTests.swift; sourceTree = "<group>"; };
		F8C3EAF81DA5CA060036ED40 /* Info.plist */ = {isa = PBXFileReference; lastKnownFileType = text.plist.xml; path = Info.plist; sourceTree = "<group>"; };
		F8C3EAFD1DA5CA060036ED40 /* MoviesUITests.xctest */ = {isa = PBXFileReference; explicitFileType = wrapper.cfbundle; includeInIndex = 0; path = MoviesUITests.xctest; sourceTree = BUILT_PRODUCTS_DIR; };
		F8C3EB011DA5CA060036ED40 /* MoviesUITests.swift */ = {isa = PBXFileReference; lastKnownFileType = sourcecode.swift; path = MoviesUITests.swift; sourceTree = "<group>"; };
		F8C3EB031DA5CA060036ED40 /* Info.plist */ = {isa = PBXFileReference; lastKnownFileType = text.plist.xml; path = Info.plist; sourceTree = "<group>"; };
		F8C3EB0F1DA5CB540036ED40 /* Movie.swift */ = {isa = PBXFileReference; fileEncoding = 4; lastKnownFileType = sourcecode.swift; path = Movie.swift; sourceTree = "<group>"; };
/* End PBXFileReference section */

/* Begin PBXFrameworksBuildPhase section */
		F8C3EAD91DA5CA060036ED40 /* Frameworks */ = {
			isa = PBXFrameworksBuildPhase;
			buildActionMask = 2147483647;
			files = (
			);
			runOnlyForDeploymentPostprocessing = 0;
		};
		F8C3EAEF1DA5CA060036ED40 /* Frameworks */ = {
			isa = PBXFrameworksBuildPhase;
			buildActionMask = 2147483647;
			files = (
			);
			runOnlyForDeploymentPostprocessing = 0;
		};
		F8C3EAFA1DA5CA060036ED40 /* Frameworks */ = {
			isa = PBXFrameworksBuildPhase;
			buildActionMask = 2147483647;
			files = (
			);
			runOnlyForDeploymentPostprocessing = 0;
		};
/* End PBXFrameworksBuildPhase section */

/* Begin PBXGroup section */
		F8C3EAD31DA5CA050036ED40 = {
			isa = PBXGroup;
			children = (
				F8C3EADE1DA5CA060036ED40 /* Movies */,
				F8C3EAF51DA5CA060036ED40 /* MoviesTests */,
				F8C3EB001DA5CA060036ED40 /* MoviesUITests */,
				F8C3EADD1DA5CA060036ED40 /* Products */,
			);
			sourceTree = "<group>";
		};
		F8C3EADD1DA5CA060036ED40 /* Products */ = {
			isa = PBXGroup;
			children = (
				F8C3EADC1DA5CA060036ED40 /* Movies.app */,
				F8C3EAF21DA5CA060036ED40 /* MoviesTests.xctest */,
				F8C3EAFD1DA5CA060036ED40 /* MoviesUITests.xctest */,
			);
			name = Products;
			sourceTree = "<group>";
		};
		F8C3EADE1DA5CA060036ED40 /* Movies */ = {
			isa = PBXGroup;
			children = (
				0121596A1DB5ABBA006B0281 /* lunchimage.png */,
				012159681DB5A852006B0281 /* image.png */,
				F8C3EADF1DA5CA060036ED40 /* AppDelegate.swift */,
				F8C3EAE11DA5CA060036ED40 /* MasterViewController.swift */,
				F8C3EAE31DA5CA060036ED40 /* DetailViewController.swift */,
				F8C3EAE51DA5CA060036ED40 /* Main.storyboard */,
				F8C3EB0F1DA5CB540036ED40 /* Movie.swift */,
				F8C3EAE81DA5CA060036ED40 /* Assets.xcassets */,
				F8C3EAEA1DA5CA060036ED40 /* LaunchScreen.storyboard */,
				F8C3EAED1DA5CA060036ED40 /* Info.plist */,
			);
			path = Movies;
			sourceTree = "<group>";
		};
		F8C3EAF51DA5CA060036ED40 /* MoviesTests */ = {
			isa = PBXGroup;
			children = (
				F8C3EAF61DA5CA060036ED40 /* MoviesTests.swift */,
				F8C3EAF81DA5CA060036ED40 /* Info.plist */,
			);
			path = MoviesTests;
			sourceTree = "<group>";
		};
		F8C3EB001DA5CA060036ED40 /* MoviesUITests */ = {
			isa = PBXGroup;
			children = (
				F8C3EB011DA5CA060036ED40 /* MoviesUITests.swift */,
				F8C3EB031DA5CA060036ED40 /* Info.plist */,
			);
			path = MoviesUITests;
			sourceTree = "<group>";
		};
/* End PBXGroup section */

/* Begin PBXNativeTarget section */
		F8C3EADB1DA5CA060036ED40 /* Movies */ = {
			isa = PBXNativeTarget;
			buildConfigurationList = F8C3EB061DA5CA060036ED40 /* Build configuration list for PBXNativeTarget "Movies" */;
			buildPhases = (
				F8C3EAD81DA5CA060036ED40 /* Sources */,
				F8C3EAD91DA5CA060036ED40 /* Frameworks */,
				F8C3EADA1DA5CA060036ED40 /* Resources */,
			);
			buildRules = (
			);
			dependencies = (
			);
			name = Movies;
			productName = Movies;
			productReference = F8C3EADC1DA5CA060036ED40 /* Movies.app */;
			productType = "com.apple.product-type.application";
		};
		F8C3EAF11DA5CA060036ED40 /* MoviesTests */ = {
			isa = PBXNativeTarget;
			buildConfigurationList = F8C3EB091DA5CA060036ED40 /* Build configuration list for PBXNativeTarget "MoviesTests" */;
			buildPhases = (
				F8C3EAEE1DA5CA060036ED40 /* Sources */,
				F8C3EAEF1DA5CA060036ED40 /* Frameworks */,
				F8C3EAF01DA5CA060036ED40 /* Resources */,
			);
			buildRules = (
			);
			dependencies = (
				F8C3EAF41DA5CA060036ED40 /* PBXTargetDependency */,
			);
			name = MoviesTests;
			productName = MoviesTests;
			productReference = F8C3EAF21DA5CA060036ED40 /* MoviesTests.xctest */;
			productType = "com.apple.product-type.bundle.unit-test";
		};
		F8C3EAFC1DA5CA060036ED40 /* MoviesUITests */ = {
			isa = PBXNativeTarget;
			buildConfigurationList = F8C3EB0C1DA5CA060036ED40 /* Build configuration list for PBXNativeTarget "MoviesUITests" */;
			buildPhases = (
				F8C3EAF91DA5CA060036ED40 /* Sources */,
				F8C3EAFA1DA5CA060036ED40 /* Frameworks */,
				F8C3EAFB1DA5CA060036ED40 /* Resources */,
			);
			buildRules = (
			);
			dependencies = (
				F8C3EAFF1DA5CA060036ED40 /* PBXTargetDependency */,
			);
			name = MoviesUITests;
			productName = MoviesUITests;
			productReference = F8C3EAFD1DA5CA060036ED40 /* MoviesUITests.xctest */;
			productType = "com.apple.product-type.bundle.ui-testing";
		};
/* End PBXNativeTarget section */

/* Begin PBXProject section */
		F8C3EAD41DA5CA050036ED40 /* Project object */ = {
			isa = PBXProject;
			attributes = {
				LastSwiftUpdateCheck = 0730;
				LastUpgradeCheck = 0730;
				ORGANIZATIONNAME = "Gabaj, Mustafa";
				TargetAttributes = {
					F8C3EADB1DA5CA060036ED40 = {
						CreatedOnToolsVersion = 7.3.1;
					};
					F8C3EAF11DA5CA060036ED40 = {
						CreatedOnToolsVersion = 7.3.1;
						TestTargetID = F8C3EADB1DA5CA060036ED40;
					};
					F8C3EAFC1DA5CA060036ED40 = {
						CreatedOnToolsVersion = 7.3.1;
						TestTargetID = F8C3EADB1DA5CA060036ED40;
					};
				};
			};
			buildConfigurationList = F8C3EAD71DA5CA050036ED40 /* Build configuration list for PBXProject "Movies" */;
			compatibilityVersion = "Xcode 3.2";
			developmentRegion = English;
			hasScannedForEncodings = 0;
			knownRegions = (
				en,
				Base,
			);
			mainGroup = F8C3EAD31DA5CA050036ED40;
			productRefGroup = F8C3EADD1DA5CA060036ED40 /* Products */;
			projectDirPath = "";
			projectRoot = "";
			targets = (
				F8C3EADB1DA5CA060036ED40 /* Movies */,
				F8C3EAF11DA5CA060036ED40 /* MoviesTests */,
				F8C3EAFC1DA5CA060036ED40 /* MoviesUITests */,
			);
		};
/* End PBXProject section */

/* Begin PBXResourcesBuildPhase section */
		F8C3EADA1DA5CA060036ED40 /* Resources */ = {
			isa = PBXResourcesBuildPhase;
			buildActionMask = 2147483647;
			files = (
				F8C3EAEC1DA5CA060036ED40 /* LaunchScreen.storyboard in Resources */,
				F8C3EAE91DA5CA060036ED40 /* Assets.xcassets in Resources */,
				0121596B1DB5ABBA006B0281 /* lunchimage.png in Resources */,
				F8C3EAE71DA5CA060036ED40 /* Main.storyboard in Resources */,
				012159691DB5A852006B0281 /* image.png in Resources */,
			);
			runOnlyForDeploymentPostprocessing = 0;
		};
		F8C3EAF01DA5CA060036ED40 /* Resources */ = {
			isa = PBXResourcesBuildPhase;
			buildActionMask = 2147483647;
			files = (
			);
			runOnlyForDeploymentPostprocessing = 0;
		};
		F8C3EAFB1DA5CA060036ED40 /* Resources */ = {
			isa = PBXResourcesBuildPhase;
			buildActionMask = 2147483647;
			files = (
			);
			runOnlyForDeploymentPostprocessing = 0;
		};
/* End PBXResourcesBuildPhase section */

/* Begin PBXSourcesBuildPhase section */
		F8C3EAD81DA5CA060036ED40 /* Sources */ = {
			isa = PBXSourcesBuildPhase;
			buildActionMask = 2147483647;
			files = (
				F8C3EAE41DA5CA060036ED40 /* DetailViewController.swift in Sources */,
				F8C3EAE21DA5CA060036ED40 /* MasterViewController.swift in Sources */,
				F8C3EB101DA5CB540036ED40 /* Movie.swift in Sources */,
				F8C3EAE01DA5CA060036ED40 /* AppDelegate.swift in Sources */,
			);
			runOnlyForDeploymentPostprocessing = 0;
		};
		F8C3EAEE1DA5CA060036ED40 /* Sources */ = {
			isa = PBXSourcesBuildPhase;
			buildActionMask = 2147483647;
			files = (
				F8C3EAF71DA5CA060036ED40 /* MoviesTests.swift in Sources */,
			);
			runOnlyForDeploymentPostprocessing = 0;
		};
		F8C3EAF91DA5CA060036ED40 /* Sources */ = {
			isa = PBXSourcesBuildPhase;
			buildActionMask = 2147483647;
			files = (
				F8C3EB021DA5CA060036ED40 /* MoviesUITests.swift in Sources */,
			);
			runOnlyForDeploymentPostprocessing = 0;
		};
/* End PBXSourcesBuildPhase section */

/* Begin PBXTargetDependency section */
		F8C3EAF41DA5CA060036ED40 /* PBXTargetDependency */ = {
			isa = PBXTargetDependency;
			target = F8C3EADB1DA5CA060036ED40 /* Movies */;
			targetProxy = F8C3EAF31DA5CA060036ED40 /* PBXContainerItemProxy */;
		};
		F8C3EAFF1DA5CA060036ED40 /* PBXTargetDependency */ = {
			isa = PBXTargetDependency;
			target = F8C3EADB1DA5CA060036ED40 /* Movies */;
			targetProxy = F8C3EAFE1DA5CA060036ED40 /* PBXContainerItemProxy */;
		};
/* End PBXTargetDependency section */

/* Begin PBXVariantGroup section */
		F8C3EAE51DA5CA060036ED40 /* Main.storyboard */ = {
			isa = PBXVariantGroup;
			children = (
				F8C3EAE61DA5CA060036ED40 /* Base */,
			);
			name = Main.storyboard;
			sourceTree = "<group>";
		};
		F8C3EAEA1DA5CA060036ED40 /* LaunchScreen.storyboard */ = {
			isa = PBXVariantGroup;
			children = (
				F8C3EAEB1DA5CA060036ED40 /* Base */,
			);
			name = LaunchScreen.storyboard;
			sourceTree = "<group>";
		};
/* End PBXVariantGroup section */

/* Begin XCBuildConfiguration section */
		F8C3EB041DA5CA060036ED40 /* Debug */ = {
			isa = XCBuildConfiguration;
			buildSettings = {
				ALWAYS_SEARCH_USER_PATHS = NO;
				CLANG_ANALYZER_NONNULL = YES;
				CLANG_CXX_LANGUAGE_STANDARD = "gnu++0x";
				CLANG_CXX_LIBRARY = "libc++";
				CLANG_ENABLE_MODULES = YES;
				CLANG_ENABLE_OBJC_ARC = YES;
				CLANG_WARN_BOOL_CONVERSION = YES;
				CLANG_WARN_CONSTANT_CONVERSION = YES;
				CLANG_WARN_DIRECT_OBJC_ISA_USAGE = YES_ERROR;
				CLANG_WARN_EMPTY_BODY = YES;
				CLANG_WARN_ENUM_CONVERSION = YES;
				CLANG_WARN_INT_CONVERSION = YES;
				CLANG_WARN_OBJC_ROOT_CLASS = YES_ERROR;
				CLANG_WARN_UNREACHABLE_CODE = YES;
				CLANG_WARN__DUPLICATE_METHOD_MATCH = YES;
				"CODE_SIGN_IDENTITY[sdk=iphoneos*]" = "iPhone Developer";
				COPY_PHASE_STRIP = NO;
				DEBUG_INFORMATION_FORMAT = dwarf;
				ENABLE_STRICT_OBJC_MSGSEND = YES;
				ENABLE_TESTABILITY = YES;
				GCC_C_LANGUAGE_STANDARD = gnu99;
				GCC_DYNAMIC_NO_PIC = NO;
				GCC_NO_COMMON_BLOCKS = YES;
				GCC_OPTIMIZATION_LEVEL = 0;
				GCC_PREPROCESSOR_DEFINITIONS = (
					"DEBUG=1",
					"$(inherited)",
				);
				GCC_WARN_64_TO_32_BIT_CONVERSION = YES;
				GCC_WARN_ABOUT_RETURN_TYPE = YES_ERROR;
				GCC_WARN_UNDECLARED_SELECTOR = YES;
				GCC_WARN_UNINITIALIZED_AUTOS = YES_AGGRESSIVE;
				GCC_WARN_UNUSED_FUNCTION = YES;
				GCC_WARN_UNUSED_VARIABLE = YES;
				IPHONEOS_DEPLOYMENT_TARGET = 9.3;
				MTL_ENABLE_DEBUG_INFO = YES;
				ONLY_ACTIVE_ARCH = YES;
				SDKROOT = iphoneos;
				SWIFT_OPTIMIZATION_LEVEL = "-Onone";
			};
			name = Debug;
		};
		F8C3EB051DA5CA060036ED40 /* Release */ = {
			isa = XCBuildConfiguration;
			buildSettings = {
				ALWAYS_SEARCH_USER_PATHS = NO;
				CLANG_ANALYZER_NONNULL = YES;
				CLANG_CXX_LANGUAGE_STANDARD = "gnu++0x";
				CLANG_CXX_LIBRARY = "libc++";
				CLANG_ENABLE_MODULES = YES;
				CLANG_ENABLE_OBJC_ARC = YES;
				CLANG_WARN_BOOL_CONVERSION = YES;
				CLANG_WARN_CONSTANT_CONVERSION = YES;
				CLANG_WARN_DIRECT_OBJC_ISA_USAGE = YES_ERROR;
				CLANG_WARN_EMPTY_BODY = YES;
				CLANG_WARN_ENUM_CONVERSION = YES;
				CLANG_WARN_INT_CONVERSION = YES;
				CLANG_WARN_OBJC_ROOT_CLASS = YES_ERROR;
				CLANG_WARN_UNREACHABLE_CODE = YES;
				CLANG_WARN__DUPLICATE_METHOD_MATCH = YES;
				"CODE_SIGN_IDENTITY[sdk=iphoneos*]" = "iPhone Developer";
				COPY_PHASE_STRIP = NO;
				DEBUG_INFORMATION_FORMAT = "dwarf-with-dsym";
				ENABLE_NS_ASSERTIONS = NO;
				ENABLE_STRICT_OBJC_MSGSEND = YES;
				GCC_C_LANGUAGE_STANDARD = gnu99;
				GCC_NO_COMMON_BLOCKS = YES;
				GCC_WARN_64_TO_32_BIT_CONVERSION = YES;
				GCC_WARN_ABOUT_RETURN_TYPE = YES_ERROR;
				GCC_WARN_UNDECLARED_SELECTOR = YES;
				GCC_WARN_UNINITIALIZED_AUTOS = YES_AGGRESSIVE;
				GCC_WARN_UNUSED_FUNCTION = YES;
				GCC_WARN_UNUSED_VARIABLE = YES;
				IPHONEOS_DEPLOYMENT_TARGET = 9.3;
				MTL_ENABLE_DEBUG_INFO = NO;
				SDKROOT = iphoneos;
				VALIDATE_PRODUCT = YES;
			};
			name = Release;
		};
		F8C3EB071DA5CA060036ED40 /* Debug */ = {
			isa = XCBuildConfiguration;
			buildSettings = {
				ASSETCATALOG_COMPILER_APPICON_NAME = AppIcon;
				INFOPLIST_FILE = Movies/Info.plist;
				LD_RUNPATH_SEARCH_PATHS = "$(inherited) @executable_path/Frameworks";
				PRODUCT_BUNDLE_IDENTIFIER = edu.gannon.Movies;
				PRODUCT_NAME = "$(TARGET_NAME)";
			};
			name = Debug;
		};
		F8C3EB081DA5CA060036ED40 /* Release */ = {
			isa = XCBuildConfiguration;
			buildSettings = {
				ASSETCATALOG_COMPILER_APPICON_NAME = AppIcon;
				INFOPLIST_FILE = Movies/Info.plist;
				LD_RUNPATH_SEARCH_PATHS = "$(inherited) @executable_path/Frameworks";
				PRODUCT_BUNDLE_IDENTIFIER = edu.gannon.Movies;
				PRODUCT_NAME = "$(TARGET_NAME)";
			};
			name = Release;
		};
		F8C3EB0A1DA5CA060036ED40 /* Debug */ = {
			isa = XCBuildConfiguration;
			buildSettings = {
				BUNDLE_LOADER = "$(TEST_HOST)";
				INFOPLIST_FILE = MoviesTests/Info.plist;
				LD_RUNPATH_SEARCH_PATHS = "$(inherited) @executable_path/Frameworks @loader_path/Frameworks";
				PRODUCT_BUNDLE_IDENTIFIER = edu.gannon.MoviesTests;
				PRODUCT_NAME = "$(TARGET_NAME)";
				TEST_HOST = "$(BUILT_PRODUCTS_DIR)/Movies.app/Movies";
			};
			name = Debug;
		};
		F8C3EB0B1DA5CA060036ED40 /* Release */ = {
			isa = XCBuildConfiguration;
			buildSettings = {
				BUNDLE_LOADER = "$(TEST_HOST)";
				INFOPLIST_FILE = MoviesTests/Info.plist;
				LD_RUNPATH_SEARCH_PATHS = "$(inherited) @executable_path/Frameworks @loader_path/Frameworks";
				PRODUCT_BUNDLE_IDENTIFIER = edu.gannon.MoviesTests;
				PRODUCT_NAME = "$(TARGET_NAME)";
				TEST_HOST = "$(BUILT_PRODUCTS_DIR)/Movies.app/Movies";
			};
			name = Release;
		};
		F8C3EB0D1DA5CA060036ED40 /* Debug */ = {
			isa = XCBuildConfiguration;
			buildSettings = {
				INFOPLIST_FILE = MoviesUITests/Info.plist;
				LD_RUNPATH_SEARCH_PATHS = "$(inherited) @executable_path/Frameworks @loader_path/Frameworks";
				PRODUCT_BUNDLE_IDENTIFIER = edu.gannon.MoviesUITests;
				PRODUCT_NAME = "$(TARGET_NAME)";
				TEST_TARGET_NAME = Movies;
			};
			name = Debug;
		};
		F8C3EB0E1DA5CA060036ED40 /* Release */ = {
			isa = XCBuildConfiguration;
			buildSettings = {
				INFOPLIST_FILE = MoviesUITests/Info.plist;
				LD_RUNPATH_SEARCH_PATHS = "$(inherited) @executable_path/Frameworks @loader_path/Frameworks";
				PRODUCT_BUNDLE_IDENTIFIER = edu.gannon.MoviesUITests;
				PRODUCT_NAME = "$(TARGET_NAME)";
				TEST_TARGET_NAME = Movies;
			};
			name = Release;
		};
/* End XCBuildConfiguration section */

/* Begin XCConfigurationList section */
		F8C3EAD71DA5CA050036ED40 /* Build configuration list for PBXProject "Movies" */ = {
			isa = XCConfigurationList;
			buildConfigurations = (
				F8C3EB041DA5CA060036ED40 /* Debug */,
				F8C3EB051DA5CA060036ED40 /* Release */,
			);
			defaultConfigurationIsVisible = 0;
			defaultConfigurationName = Release;
		};
		F8C3EB061DA5CA060036ED40 /* Build configuration list for PBXNativeTarget "Movies" */ = {
			isa = XCConfigurationList;
			buildConfigurations = (
				F8C3EB071DA5CA060036ED40 /* Debug */,
				F8C3EB081DA5CA060036ED40 /* Release */,
			);
			defaultConfigurationIsVisible = 0;
			defaultConfigurationName = Release;
		};
		F8C3EB091DA5CA060036ED40 /* Build configuration list for PBXNativeTarget "MoviesTests" */ = {
			isa = XCConfigurationList;
			buildConfigurations = (
				F8C3EB0A1DA5CA060036ED40 /* Debug */,
				F8C3EB0B1DA5CA060036ED40 /* Release */,
			);
			defaultConfigurationIsVisible = 0;
			defaultConfigurationName = Release;
		};
		F8C3EB0C1DA5CA060036ED40 /* Build configuration list for PBXNativeTarget "MoviesUITests" */ = {
			isa = XCConfigurationList;
			buildConfigurations = (
				F8C3EB0D1DA5CA060036ED40 /* Debug */,
				F8C3EB0E1DA5CA060036ED40 /* Release */,
			);
			defaultConfigurationIsVisible = 0;
			defaultConfigurationName = Release;
		};
/* End XCConfigurationList section */
	};
	rootObject = F8C3EAD41DA5CA050036ED40 /* Project object */;
}
